
Microsoft Visual Studio Solution File, Format Version 12.00
# Visual Studio Version 16
VisualStudioVersion = 16.0.30717.126
MinimumVisualStudioVersion = 10.0.40219.1
Project("{9A19103F-16F7-4668-BE54-9A1E7A4F7556}") = "Tests", "Tests\Tests.csproj", "{D165B997-E977-49AE-B2F7-895898567028}"
EndProject
Project("{FAE04EC0-301F-11D3-BF4B-00C04F79EFBC}") = "VKAPIWorker", "VKAPIWorker\VKAPIWorker.csproj", "{8303DFFF-AD23-4870-90AD-6FE963C1BBF3}"
EndProject
Project("{FAE04EC0-301F-11D3-BF4B-00C04F79EFBC}") = "ExcelWorker", "ExcelWorker\ExcelWorker.csproj", "{16DA0A38-8F42-4757-9E52-D09E034B1CCF}"
EndProject
Global
	GlobalSection(SolutionConfigurationPlatforms) = preSolution
		Debug|Any CPU = Debug|Any CPU
		Release|Any CPU = Release|Any CPU
	EndGlobalSection
	GlobalSection(ProjectConfigurationPlatforms) = postSolution
		{D165B997-E977-49AE-B2F7-895898567028}.Debug|Any CPU.ActiveCfg = Debug|Any CPU
		{D165B997-E977-49AE-B2F7-895898567028}.Debug|Any CPU.Build.0 = Debug|Any CPU
		{D165B997-E977-49AE-B2F7-895898567028}.Release|Any CPU.ActiveCfg = Release|Any CPU
		{D165B997-E977-49AE-B2F7-895898567028}.Release|Any CPU.Build.0 = Release|Any CPU
		{8303DFFF-AD23-4870-90AD-6FE963C1BBF3}.Debug|Any CPU.ActiveCfg = Debug|Any CPU
		{8303DFFF-AD23-4870-90AD-6FE963C1BBF3}.Debug|Any CPU.Build.0 = Debug|Any CPU
		{8303DFFF-AD23-4870-90AD-6FE963C1BBF3}.Release|Any CPU.ActiveCfg = Release|Any CPU
		{8303DFFF-AD23-4870-90AD-6FE963C1BBF3}.Release|Any CPU.Build.0 = Release|Any CPU
		{16DA0A38-8F42-4757-9E52-D09E034B1CCF}.Debug|Any CPU.ActiveCfg = Debug|Any CPU
		{16DA0A38-8F42-4757-9E52-D09E034B1CCF}.Debug|Any CPU.Build.0 = Debug|Any CPU
		{16DA0A38-8F42-4757-9E52-D09E034B1CCF}.Release|Any CPU.ActiveCfg = Release|Any CPU
		{16DA0A38-8F42-4757-9E52-D09E034B1CCF}.Release|Any CPU.Build.0 = Release|Any CPU
	EndGlobalSection
	GlobalSection(SolutionProperties) = preSolution
		HideSolutionNode = FALSE
	EndGlobalSection
	GlobalSection(ExtensibilityGlobals) = postSolution
		SolutionGuid = {129A40D7-412B-47DF-BA7F-40598BE381C0}
	EndGlobalSection
EndGlobal
